
Microsoft Visual Studio Solution File, Format Version 12.00
# Visual Studio 14
VisualStudioVersion = 14.0.23107.0
MinimumVisualStudioVersion = 10.0.40219.1
Project("{2150E333-8FDC-42A3-9474-1A3956D46DE8}") = "IPCalculator", "IPCalculator", "{DB3AEA31-9A93-4F6C-8931-29ACBD6248B9}"
EndProject
Project("{D954291E-2A0B-460D-934E-DC6B0785DB48}") = "IPCalculator.Shared", "IPCalculator\IPCalculator.Shared\IPCalculator.Shared.shproj", "{541018B0-5A26-4157-A51D-76944F176306}"
EndProject
Project("{FAE04EC0-301F-11D3-BF4B-00C04F79EFBC}") = "IPCalculator.WindowsPhone", "IPCalculator\IPCalculator.WindowsPhone\IPCalculator.WindowsPhone.csproj", "{6F3E4554-C989-4019-8BA7-CDCE0FA84B56}"
EndProject
Global
	GlobalSection(SharedMSBuildProjectFiles) = preSolution
		IPCalculator\IPCalculator.Shared\IPCalculator.Shared.projitems*{6f3e4554-c989-4019-8ba7-cdce0fa84b56}*SharedItemsImports = 4
		IPCalculator\IPCalculator.Shared\IPCalculator.Shared.projitems*{541018b0-5a26-4157-a51d-76944f176306}*SharedItemsImports = 13
	EndGlobalSection
	GlobalSection(SolutionConfigurationPlatforms) = preSolution
		Debug|Any CPU = Debug|Any CPU
		Debug|ARM = Debug|ARM
		Debug|x64 = Debug|x64
		Debug|x86 = Debug|x86
		Release|Any CPU = Release|Any CPU
		Release|ARM = Release|ARM
		Release|x64 = Release|x64
		Release|x86 = Release|x86
	EndGlobalSection
	GlobalSection(ProjectConfigurationPlatforms) = postSolution
		{6F3E4554-C989-4019-8BA7-CDCE0FA84B56}.Debug|Any CPU.ActiveCfg = Debug|Any CPU
		{6F3E4554-C989-4019-8BA7-CDCE0FA84B56}.Debug|Any CPU.Build.0 = Debug|Any CPU
		{6F3E4554-C989-4019-8BA7-CDCE0FA84B56}.Debug|Any CPU.Deploy.0 = Debug|Any CPU
		{6F3E4554-C989-4019-8BA7-CDCE0FA84B56}.Debug|ARM.ActiveCfg = Debug|ARM
		{6F3E4554-C989-4019-8BA7-CDCE0FA84B56}.Debug|ARM.Build.0 = Debug|ARM
		{6F3E4554-C989-4019-8BA7-CDCE0FA84B56}.Debug|ARM.Deploy.0 = Debug|ARM
		{6F3E4554-C989-4019-8BA7-CDCE0FA84B56}.Debug|x64.ActiveCfg = Debug|Any CPU
		{6F3E4554-C989-4019-8BA7-CDCE0FA84B56}.Debug|x64.Build.0 = Debug|Any CPU
		{6F3E4554-C989-4019-8BA7-CDCE0FA84B56}.Debug|x64.Deploy.0 = Debug|Any CPU
		{6F3E4554-C989-4019-8BA7-CDCE0FA84B56}.Debug|x86.ActiveCfg = Debug|x86
		{6F3E4554-C989-4019-8BA7-CDCE0FA84B56}.Debug|x86.Build.0 = Debug|x86
		{6F3E4554-C989-4019-8BA7-CDCE0FA84B56}.Debug|x86.Deploy.0 = Debug|x86
		{6F3E4554-C989-4019-8BA7-CDCE0FA84B56}.Release|Any CPU.ActiveCfg = Release|Any CPU
		{6F3E4554-C989-4019-8BA7-CDCE0FA84B56}.Release|Any CPU.Build.0 = Release|Any CPU
		{6F3E4554-C989-4019-8BA7-CDCE0FA84B56}.Release|Any CPU.Deploy.0 = Release|Any CPU
		{6F3E4554-C989-4019-8BA7-CDCE0FA84B56}.Release|ARM.ActiveCfg = Release|ARM
		{6F3E4554-C989-4019-8BA7-CDCE0FA84B56}.Release|ARM.Build.0 = Release|ARM
		{6F3E4554-C989-4019-8BA7-CDCE0FA84B56}.Release|ARM.Deploy.0 = Release|ARM
		{6F3E4554-C989-4019-8BA7-CDCE0FA84B56}.Release|x64.ActiveCfg = Release|Any CPU
		{6F3E4554-C989-4019-8BA7-CDCE0FA84B56}.Release|x64.Build.0 = Release|Any CPU
		{6F3E4554-C989-4019-8BA7-CDCE0FA84B56}.Release|x64.Deploy.0 = Release|Any CPU
		{6F3E4554-C989-4019-8BA7-CDCE0FA84B56}.Release|x86.ActiveCfg = Release|x86
		{6F3E4554-C989-4019-8BA7-CDCE0FA84B56}.Release|x86.Build.0 = Release|x86
		{6F3E4554-C989-4019-8BA7-CDCE0FA84B56}.Release|x86.Deploy.0 = Release|x86
	EndGlobalSection
	GlobalSection(SolutionProperties) = preSolution
		HideSolutionNode = FALSE
	EndGlobalSection
	GlobalSection(NestedProjects) = preSolution
		{541018B0-5A26-4157-A51D-76944F176306} = {DB3AEA31-9A93-4F6C-8931-29ACBD6248B9}
		{6F3E4554-C989-4019-8BA7-CDCE0FA84B56} = {DB3AEA31-9A93-4F6C-8931-29ACBD6248B9}
	EndGlobalSection
EndGlobal
